# Generated by pub
# See https://dart.dev/tools/pub/glossary#lockfile
packages:
  dart_countries:
    dependency: "direct main"
    description:
      name: dart_countries
      sha256: e3d827db17ee6a49fc09954d7bc0d79df44f2faef4ffd76d35247bb31fdbce5a
      url: "https://pub.dev"
    source: hosted
    version: "3.0.1"
  path:
    dependency: "direct main"
    description:
      name: path
      sha256: "240ed0e9bd73daa2182e33c4efc68c7dd53c7c656f3da73515a2d163e151412d"
      url: "https://pub.dev"
    source: hosted
    version: "1.8.1"
  pedantic:
    dependency: "direct dev"
    description:
      name: pedantic
      sha256: "67fc27ed9639506c856c840ccce7594d0bdcd91bc8d53d6e52359449a1d50602"
      url: "https://pub.dev"
    source: hosted
    version: "1.11.1"
sdks:
  dart: ">=2.19.2 <4.0.0"
